{
  "name": "playwright-test",
  "version": "1.0.0",
  "lockfileVersion": 3,
  "requires": true,
  "packages": {
    "": {
      "name": "playwright-test",
      "version": "1.0.0",
      "license": "ISC",
      "devDependencies": {
        "@playwright/test": "^1.41.2",
        "@types/node": "^20.11.20"
      }
    },
    "node_modules/@playwright/test": {
      "version": "1.41.2",
      "resolved": "https://registry.npmjs.org/@playwright/test/-/test-1.41.2.tgz",
      "integrity": "sha512-qQB9h7KbibJzrDpkXkYvsmiDJK14FULCCZgEcoe2AvFAS64oCirWTwzTlAYEbKaRxWs5TFesE1Na6izMv3HfGg==",
      "dev": true,
      "dependencies": {
        "playwright": "1.41.2"
      },
      "bin": {
        "playwright": "cli.js"
      },
      "engines": {
        "node": ">=16"
      }
    },
    "node_modules/@types/node": {
      "version": "20.11.20",
      "resolved": "https://registry.npmjs.org/@types/node/-/node-20.11.20.tgz",
      "integrity": "sha512-7/rR21OS+fq8IyHTgtLkDK949uzsa6n8BkziAKtPVpugIkO6D+/ooXMvzXxDnZrmtXVfjb1bKQafYpb8s89LOg==",
      "dev": true,
      "dependencies": {
        "undici-types": "~5.26.4"
      }
    },
    "node_modules/fsevents": {
      "version": "2.3.2",
      "resolved": "https://registry.npmjs.org/fsevents/-/fsevents-2.3.2.tgz",
      "integrity": "sha512-xiqMQR4xAeHTuB9uWm+fFRcIOgKBMiOBP+eXiyT7jsgVCq1bkVygt00oASowB7EdtpOHaaPgKt812P9ab+DDKA==",
      "dev": true,
      "hasInstallScript": true,
      "optional": true,
      "os": [
        "darwin"
      ],
      "engines": {
        "node": "^8.16.0 || ^10.6.0 || >=11.0.0"
      }
    },
    "node_modules/playwright": {
      "version": "1.41.2",
      "resolved": "https://registry.npmjs.org/playwright/-/playwright-1.41.2.tgz",
      "integrity": "sha512-v0bOa6H2GJChDL8pAeLa/LZC4feoAMbSQm1/jF/ySsWWoaNItvrMP7GEkvEEFyCTUYKMxjQKaTSg5up7nR6/8A==",
      "dev": true,
      "dependencies": {
        "playwright-core": "1.41.2"
      },
      "bin": {
        "playwright": "cli.js"
      },
      "engines": {
        "node": ">=16"
      },
      "optionalDependencies": {
        "fsevents": "2.3.2"
      }
    },
    "node_modules/playwright-core": {
      "version": "1.41.2",
      "resolved": "https://registry.npmjs.org/playwright-core/-/playwright-core-1.41.2.tgz",
      "integrity": "sha512-VaTvwCA4Y8kxEe+kfm2+uUUw5Lubf38RxF7FpBxLPmGe5sdNkSg5e3ChEigaGrX7qdqT3pt2m/98LiyvU2x6CA==",
      "dev": true,
      "bin": {
        "playwright-core": "cli.js"
      },
      "engines": {
        "node": ">=16"
      }
    },
    "node_modules/undici-types": {
      "version": "5.26.5",
      "resolved": "https://registry.npmjs.org/undici-types/-/undici-types-5.26.5.tgz",
      "integrity": "sha512-JlCMO+ehdEIKqlFxk6IfVoAUVmgz7cU7zD/h9XZ0qzeosSHmUJVOzSQvvYSYWXkFXC+IfLKSIffhv0sVZup6pA==",
      "dev": true
    }
  }
}
